
Microsoft Visual Studio Solution File, Format Version 12.00
# Visual Studio Version 17
VisualStudioVersion = 17.1.32328.378
MinimumVisualStudioVersion = 10.0.40219.1
Project("{9A19103F-16F7-4668-BE54-9A1E7A4F7556}") = "RickMort.Backend.Api", "RickMort.Backend.Api\RickMort.Backend.Api.csproj", "{10CE8E74-6654-4F3A-835E-DD4763245D1A}"
EndProject
Project("{FAE04EC0-301F-11D3-BF4B-00C04F79EFBC}") = "RickMort.Backend.Tests", "RickMort.Backend.Tests\RickMort.Backend.Tests.csproj", "{AFF4865A-C4C3-4F94-B77A-35E5C69BCF7F}"
EndProject
Global
	GlobalSection(SolutionConfigurationPlatforms) = preSolution
		Debug|Any CPU = Debug|Any CPU
		Release|Any CPU = Release|Any CPU
	EndGlobalSection
	GlobalSection(ProjectConfigurationPlatforms) = postSolution
		{10CE8E74-6654-4F3A-835E-DD4763245D1A}.Debug|Any CPU.ActiveCfg = Debug|Any CPU
		{10CE8E74-6654-4F3A-835E-DD4763245D1A}.Debug|Any CPU.Build.0 = Debug|Any CPU
		{10CE8E74-6654-4F3A-835E-DD4763245D1A}.Release|Any CPU.ActiveCfg = Release|Any CPU
		{10CE8E74-6654-4F3A-835E-DD4763245D1A}.Release|Any CPU.Build.0 = Release|Any CPU
		{AFF4865A-C4C3-4F94-B77A-35E5C69BCF7F}.Debug|Any CPU.ActiveCfg = Debug|Any CPU
		{AFF4865A-C4C3-4F94-B77A-35E5C69BCF7F}.Debug|Any CPU.Build.0 = Debug|Any CPU
		{AFF4865A-C4C3-4F94-B77A-35E5C69BCF7F}.Release|Any CPU.ActiveCfg = Release|Any CPU
		{AFF4865A-C4C3-4F94-B77A-35E5C69BCF7F}.Release|Any CPU.Build.0 = Release|Any CPU
	EndGlobalSection
	GlobalSection(SolutionProperties) = preSolution
		HideSolutionNode = FALSE
	EndGlobalSection
	GlobalSection(ExtensibilityGlobals) = postSolution
		SolutionGuid = {7FF1C126-153E-4406-859D-850BC4CD628D}
	EndGlobalSection
EndGlobal
